
Microsoft Visual Studio Solution File, Format Version 12.00
# Visual Studio Version 16
VisualStudioVersion = 16.0.31702.278
MinimumVisualStudioVersion = 10.0.40219.1
Project("{FAE04EC0-301F-11D3-BF4B-00C04F79EFBC}") = "WindowsFormsApp1", "WindowsFormsApp1\WindowsFormsApp1.csproj", "{F5FE6D59-66AB-4DFB-BBB8-B4F86BEE9A3A}"
EndProject
Global
	GlobalSection(SolutionConfigurationPlatforms) = preSolution
		Debug|Any CPU = Debug|Any CPU
		Release|Any CPU = Release|Any CPU
	EndGlobalSection
	GlobalSection(ProjectConfigurationPlatforms) = postSolution
		{F5FE6D59-66AB-4DFB-BBB8-B4F86BEE9A3A}.Debug|Any CPU.ActiveCfg = Debug|Any CPU
		{F5FE6D59-66AB-4DFB-BBB8-B4F86BEE9A3A}.Debug|Any CPU.Build.0 = Debug|Any CPU
		{F5FE6D59-66AB-4DFB-BBB8-B4F86BEE9A3A}.Release|Any CPU.ActiveCfg = Release|Any CPU
		{F5FE6D59-66AB-4DFB-BBB8-B4F86BEE9A3A}.Release|Any CPU.Build.0 = Release|Any CPU
	EndGlobalSection
	GlobalSection(SolutionProperties) = preSolution
		HideSolutionNode = FALSE
	EndGlobalSection
	GlobalSection(ExtensibilityGlobals) = postSolution
		SolutionGuid = {A338DDFC-28FF-4808-AEB2-FA7C88C1703D}
	EndGlobalSection
EndGlobal
